<?xml version="1.0" encoding="utf-8"?>
<Project ToolsVersion="4.0" xmlns="http://schemas.microsoft.com/developer/msbuild/2003">
  <ItemGroup>
    <Filter Include="src">
      <UniqueIdentifier>{16098d99-515c-435a-a39c-65876518d3da}</UniqueIdentifier>
    </Filter>
    <Filter Include="src\session">
      <UniqueIdentifier>{a455f1c4-fe56-42e9-b1eb-a9c892b97497}</UniqueIdentifier>
    </Filter>
    <Filter Include="src\server">
      <UniqueIdentifier>{9dc71fc6-6e73-4dd8-90a7-fa572185e31e}</UniqueIdentifier>
    </Filter>
  </ItemGroup>
  <ItemGroup>
    <ClCompile Include="src\session\session.cpp">
      <Filter>src\session</Filter>
    </ClCompile>
    <ClCompile Include="src\io_helper.cpp">
      <Filter>src</Filter>
    </ClCompile>
  </ItemGroup>
  <ItemGroup>
    <ClInclude Include="src\session\session.h">
      <Filter>src\session</Filter>
    </ClInclude>
    <ClInclude Include="src\server\server.h">
      <Filter>src\server</Filter>
    </ClInclude>
    <ClInclude Include="src\io_helper.h">
      <Filter>src</Filter>
    </ClInclude>
  </ItemGroup>
</Project>