<?xml version="1.0" encoding="utf-8"?>
<Project ToolsVersion="4.0" xmlns="http://schemas.microsoft.com/developer/msbuild/2003">
  <ItemGroup>
    <Filter Include="src">
      <UniqueIdentifier>{090a29a9-6875-475c-8e9e-f15a2f117b9b}</UniqueIdentifier>
    </Filter>
    <Filter Include="src\server_session">
      <UniqueIdentifier>{6d8a4e31-bfce-43dc-bc55-48ffdc291803}</UniqueIdentifier>
    </Filter>
    <Filter Include="src\packet_processor">
      <UniqueIdentifier>{6b488af4-7216-4594-aed0-58122f320056}</UniqueIdentifier>
    </Filter>
    <Filter Include="src\packet_processor\packet">
      <UniqueIdentifier>{5b49d87f-fa07-4904-93ef-d4205895c574}</UniqueIdentifier>
    </Filter>
    <Filter Include="src\packet_processor\packet_handler">
      <UniqueIdentifier>{61144f34-669b-4532-b270-3515b41a4c13}</UniqueIdentifier>
    </Filter>
    <Filter Include="src\packet_processor\packet\GAME">
      <UniqueIdentifier>{f6b9a859-33f4-48c8-b4da-b2c63c147558}</UniqueIdentifier>
    </Filter>
    <Filter Include="src\packet_processor\packet\LOBBY">
      <UniqueIdentifier>{4caefc8c-8435-4ece-a116-bba5f73fc2c7}</UniqueIdentifier>
    </Filter>
    <Filter Include="src\field">
      <UniqueIdentifier>{0f3fd2fd-ca72-4822-b269-8a1a88c25d28}</UniqueIdentifier>
    </Filter>
    <Filter Include="src\object">
      <UniqueIdentifier>{6d3dfdd3-cdaa-45b4-8645-d206870389c3}</UniqueIdentifier>
    </Filter>
    <Filter Include="src\component">
      <UniqueIdentifier>{fe57fd8a-b5db-4a36-8863-7a53d843771a}</UniqueIdentifier>
    </Filter>
    <Filter Include="src\account">
      <UniqueIdentifier>{a48e2ab5-166f-41b0-96be-7bf6ce7ea4c0}</UniqueIdentifier>
    </Filter>
    <Filter Include="src\component\skill">
      <UniqueIdentifier>{416e3270-b33b-48e4-9d47-8e463e9f1685}</UniqueIdentifier>
    </Filter>
    <Filter Include="src\component\movement">
      <UniqueIdentifier>{a2970f7d-6975-4f88-8980-67de8465df6e}</UniqueIdentifier>
    </Filter>
    <Filter Include="src\packet_processor\packet_handler\lobby">
      <UniqueIdentifier>{b49e612a-05b8-41d0-8201-0c04cfe7679d}</UniqueIdentifier>
    </Filter>
    <Filter Include="src\packet_processor\packet_handler\game">
      <UniqueIdentifier>{99462837-08d9-487c-920c-ab54b2663a89}</UniqueIdentifier>
    </Filter>
    <Filter Include="src\component\skill\bullet">
      <UniqueIdentifier>{95adc58d-919e-4270-b214-1442fd1fca3e}</UniqueIdentifier>
    </Filter>
    <Filter Include="src\item">
      <UniqueIdentifier>{ed34eb61-06cc-4d6c-9bea-c29f0b8b9e88}</UniqueIdentifier>
    </Filter>
    <Filter Include="src\mysql">
      <UniqueIdentifier>{e02c8d69-ab26-4252-ab7f-389258657f6c}</UniqueIdentifier>
    </Filter>
  </ItemGroup>
  <ItemGroup>
    <ClCompile Include="src\main.cpp">
      <Filter>src</Filter>
    </ClCompile>
    <ClCompile Include="src\server_session\server_session.cpp">
      <Filter>src\server_session</Filter>
    </ClCompile>
    <ClCompile Include="src\packet_processor\packet_processor.cpp">
      <Filter>src\packet_processor</Filter>
    </ClCompile>
    <ClCompile Include="src\packet_processor\packet\LOBBY.pb.cc">
      <Filter>src\packet_processor\packet\LOBBY</Filter>
    </ClCompile>
    <ClCompile Include="src\packet_processor\packet\GAME.pb.cc">
      <Filter>src\packet_processor\packet\GAME</Filter>
    </ClCompile>
    <ClCompile Include="src\field\field_manager.cpp">
      <Filter>src\field</Filter>
    </ClCompile>
    <ClCompile Include="src\field\egypt_field.cpp">
      <Filter>src\field</Filter>
    </ClCompile>
    <ClCompile Include="src\field\field.cpp">
      <Filter>src\field</Filter>
    </ClCompile>
    <ClCompile Include="src\account\account_manager.cpp">
      <Filter>src\account</Filter>
    </ClCompile>
    <ClCompile Include="src\account\account.cpp">
      <Filter>src\account</Filter>
    </ClCompile>
    <ClCompile Include="src\component\component.cpp">
      <Filter>src\component</Filter>
    </ClCompile>
    <ClCompile Include="src\component\skill\skill_component.cpp">
      <Filter>src\component\skill</Filter>
    </ClCompile>
    <ClCompile Include="src\component\movement\move_component.cpp">
      <Filter>src\component\movement</Filter>
    </ClCompile>
    <ClCompile Include="src\object\object.cpp">
      <Filter>src\object</Filter>
    </ClCompile>
    <ClCompile Include="src\object\character.cpp">
      <Filter>src\object</Filter>
    </ClCompile>
    <ClCompile Include="src\packet_processor\packet_handler\lobby\handle_CS_FIELD_LIST.cpp">
      <Filter>src\packet_processor\packet_handler\lobby</Filter>
    </ClCompile>
    <ClCompile Include="src\packet_processor\packet_handler\lobby\handle_CS_LEAVEL_FIELD.cpp">
      <Filter>src\packet_processor\packet_handler\lobby</Filter>
    </ClCompile>
    <ClCompile Include="src\packet_processor\packet_handler\lobby\handle_CS_ENTER_FIELD.cpp">
      <Filter>src\packet_processor\packet_handler\lobby</Filter>
    </ClCompile>
    <ClCompile Include="src\packet_processor\packet_handler\game\handle_CS_PING.cpp">
      <Filter>src\packet_processor\packet_handler\game</Filter>
    </ClCompile>
    <ClCompile Include="src\packet_processor\packet_handler\lobby\handle_CS_LOG_IN.cpp">
      <Filter>src\packet_processor\packet_handler\lobby</Filter>
    </ClCompile>
    <ClCompile Include="src\packet_processor\packet_handler\game\handle_CS_SYNC_FIELD.cpp">
      <Filter>src\packet_processor\packet_handler\game</Filter>
    </ClCompile>
    <ClCompile Include="src\packet_processor\packet_handler\game\handle_CS_NOTI_MOVE.cpp">
      <Filter>src\packet_processor\packet_handler\game</Filter>
    </ClCompile>
    <ClCompile Include="src\packet_processor\packet_handler\game\handle_CS_FIRE.cpp">
      <Filter>src\packet_processor\packet_handler\game</Filter>
    </ClCompile>
    <ClCompile Include="src\component\skill\bullet\default_bullet.cpp">
      <Filter>src\component\skill\bullet</Filter>
    </ClCompile>
    <ClCompile Include="src\component\skill\bullet\bullet.cpp">
      <Filter>src\component\skill\bullet</Filter>
    </ClCompile>
    <ClCompile Include="src\packet_processor\packet_handler\game\handle_CS_RESPAWN_CHARACTER.cpp">
      <Filter>src\packet_processor\packet_handler\game</Filter>
    </ClCompile>
    <ClCompile Include="src\packet_processor\packet_handler\game\handle_CS_ENHANCE_BUFF.cpp">
      <Filter>src\packet_processor\packet_handler\game</Filter>
    </ClCompile>
    <ClCompile Include="src\object\collider.cpp">
      <Filter>src\object</Filter>
    </ClCompile>
    <ClCompile Include="src\item\item.cpp">
      <Filter>src\item</Filter>
    </ClCompile>
    <ClCompile Include="src\item\hp_item.cpp">
      <Filter>src\item</Filter>
    </ClCompile>
    <ClCompile Include="src\mysql\mysql_connector.cpp">
      <Filter>src\mysql</Filter>
    </ClCompile>
    <ClCompile Include="src\item\medal_item.cpp">
      <Filter>src\item</Filter>
    </ClCompile>
    <ClCompile Include="src\item\shield_item.cpp">
      <Filter>src\item</Filter>
    </ClCompile>
    <ClCompile Include="src\item\coin_item.cpp">
      <Filter>src\item</Filter>
    </ClCompile>
  </ItemGroup>
  <ItemGroup>
    <ClInclude Include="src\server_session\server_session.h">
      <Filter>src\server_session</Filter>
    </ClInclude>
    <ClInclude Include="src\packet_processor\packet_processor.h">
      <Filter>src\packet_processor</Filter>
    </ClInclude>
    <ClInclude Include="src\packet_processor\static_if.h">
      <Filter>src\packet_processor</Filter>
    </ClInclude>
    <ClInclude Include="src\packet_processor\send_helper.h">
      <Filter>src\packet_processor</Filter>
    </ClInclude>
    <ClInclude Include="src\packet_processor\packet\LOBBY.pb.h">
      <Filter>src\packet_processor\packet\LOBBY</Filter>
    </ClInclude>
    <ClInclude Include="src\packet_processor\packet\GAME.pb.h">
      <Filter>src\packet_processor\packet\GAME</Filter>
    </ClInclude>
    <ClInclude Include="src\packet_processor\opcode.h">
      <Filter>src\packet_processor</Filter>
    </ClInclude>
    <ClInclude Include="src\field\field_manager.h">
      <Filter>src\field</Filter>
    </ClInclude>
    <ClInclude Include="src\field\field.h">
      <Filter>src\field</Filter>
    </ClInclude>
    <ClInclude Include="src\account\account_manager.h">
      <Filter>src\account</Filter>
    </ClInclude>
    <ClInclude Include="src\account\account.h">
      <Filter>src\account</Filter>
    </ClInclude>
    <ClInclude Include="src\component\component.h">
      <Filter>src\component</Filter>
    </ClInclude>
    <ClInclude Include="src\component\skill\skill_component.h">
      <Filter>src\component\skill</Filter>
    </ClInclude>
    <ClInclude Include="src\component\movement\move_component.h">
      <Filter>src\component\movement</Filter>
    </ClInclude>
    <ClInclude Include="src\object\character.h">
      <Filter>src\object</Filter>
    </ClInclude>
    <ClInclude Include="src\object\object.h">
      <Filter>src\object</Filter>
    </ClInclude>
    <ClInclude Include="src\field\egypt_field.h">
      <Filter>src\field</Filter>
    </ClInclude>
    <ClInclude Include="src\predeclare.h">
      <Filter>src</Filter>
    </ClInclude>
    <ClInclude Include="src\component\skill\bullet\default_bullet.h">
      <Filter>src\component\skill\bullet</Filter>
    </ClInclude>
    <ClInclude Include="src\component\skill\bullet\bullet.h">
      <Filter>src\component\skill\bullet</Filter>
    </ClInclude>
    <ClInclude Include="src\object\stat_info.h">
      <Filter>src\object</Filter>
    </ClInclude>
    <ClInclude Include="src\object\collider.h">
      <Filter>src\object</Filter>
    </ClInclude>
    <ClInclude Include="src\item\item.h">
      <Filter>src\item</Filter>
    </ClInclude>
    <ClInclude Include="src\item\hp_item.h">
      <Filter>src\item</Filter>
    </ClInclude>
    <ClInclude Include="src\mysql\mysql_connector.h">
      <Filter>src\mysql</Filter>
    </ClInclude>
    <ClInclude Include="src\item\coin_item.h">
      <Filter>src\item</Filter>
    </ClInclude>
    <ClInclude Include="src\item\medal_item.h">
      <Filter>src\item</Filter>
    </ClInclude>
    <ClInclude Include="src\item\shield_item.h">
      <Filter>src\item</Filter>
    </ClInclude>
  </ItemGroup>
</Project>